[[package]]
name = "base64"
version = "0.9.1"
source = "registry+https://github.com/rust-lang/crates.io-index"
dependencies = [
 "byteorder 1.2.2 (registry+https://github.com/rust-lang/crates.io-index)",
 "safemem 0.2.0 (registry+https://github.com/rust-lang/crates.io-index)",
]

[[package]]
name = "byteorder"
version = "1.2.2"
source = "registry+https://github.com/rust-lang/crates.io-index"

[[package]]
name = "cfg-if"
version = "0.1.3"
source = "registry+https://github.com/rust-lang/crates.io-index"

[[package]]
name = "dtoa"
version = "0.4.2"
source = "registry+https://github.com/rust-lang/crates.io-index"

[[package]]
name = "itoa"
version = "0.4.1"
source = "registry+https://github.com/rust-lang/crates.io-index"

[[package]]
name = "libc"
version = "0.2.40"
source = "registry+https://github.com/rust-lang/crates.io-index"

[[package]]
name = "memory_units"
version = "0.4.0"
source = "registry+https://github.com/rust-lang/crates.io-index"

[[package]]
name = "proc-macro2"
version = "0.3.8"
source = "registry+https://github.com/rust-lang/crates.io-index"
dependencies = [
 "unicode-xid 0.1.0 (registry+https://github.com/rust-lang/crates.io-index)",
]

[[package]]
name = "quote"
version = "0.5.2"
source = "registry+https://github.com/rust-lang/crates.io-index"
dependencies = [
 "proc-macro2 0.3.8 (registry+https://github.com/rust-lang/crates.io-index)",
]

[[package]]
name = "safemem"
version = "0.2.0"
source = "registry+https://github.com/rust-lang/crates.io-index"

[[package]]
name = "serde"
version = "1.0.52"
source = "registry+https://github.com/rust-lang/crates.io-index"

[[package]]
name = "serde_derive"
version = "1.0.52"
source = "registry+https://github.com/rust-lang/crates.io-index"
dependencies = [
 "proc-macro2 0.3.8 (registry+https://github.com/rust-lang/crates.io-index)",
 "quote 0.5.2 (registry+https://github.com/rust-lang/crates.io-index)",
 "syn 0.13.7 (registry+https://github.com/rust-lang/crates.io-index)",
]

[[package]]
name = "serde_json"
version = "1.0.17"
source = "registry+https://github.com/rust-lang/crates.io-index"
dependencies = [
 "dtoa 0.4.2 (registry+https://github.com/rust-lang/crates.io-index)",
 "itoa 0.4.1 (registry+https://github.com/rust-lang/crates.io-index)",
 "serde 1.0.52 (registry+https://github.com/rust-lang/crates.io-index)",
]

[[package]]
name = "syn"
version = "0.13.7"
source = "registry+https://github.com/rust-lang/crates.io-index"
dependencies = [
 "proc-macro2 0.3.8 (registry+https://github.com/rust-lang/crates.io-index)",
 "quote 0.5.2 (registry+https://github.com/rust-lang/crates.io-index)",
 "unicode-xid 0.1.0 (registry+https://github.com/rust-lang/crates.io-index)",
]

[[package]]
name = "unicode-xid"
version = "0.1.0"
source = "registry+https://github.com/rust-lang/crates.io-index"

[[package]]
name = "unreachable"
version = "1.0.0"
source = "registry+https://github.com/rust-lang/crates.io-index"
dependencies = [
 "void 1.0.2 (registry+https://github.com/rust-lang/crates.io-index)",
]

[[package]]
name = "void"
version = "1.0.2"
source = "registry+https://github.com/rust-lang/crates.io-index"

[[package]]
name = "wasm-bindgen"
version = "0.2.8"
source = "git+https://github.com/rustwasm/wasm-bindgen?rev=06664b34ce1011be58949fef0e1ed2186d84d35b#06664b34ce1011be58949fef0e1ed2186d84d35b"
dependencies = [
 "wasm-bindgen-macro 0.2.8 (git+https://github.com/rustwasm/wasm-bindgen?rev=06664b34ce1011be58949fef0e1ed2186d84d35b)",
]

[[package]]
name = "wasm-bindgen-backend"
version = "0.2.8"
source = "git+https://github.com/rustwasm/wasm-bindgen?rev=06664b34ce1011be58949fef0e1ed2186d84d35b#06664b34ce1011be58949fef0e1ed2186d84d35b"
dependencies = [
 "proc-macro2 0.3.8 (registry+https://github.com/rust-lang/crates.io-index)",
 "quote 0.5.2 (registry+https://github.com/rust-lang/crates.io-index)",
 "serde_json 1.0.17 (registry+https://github.com/rust-lang/crates.io-index)",
 "syn 0.13.7 (registry+https://github.com/rust-lang/crates.io-index)",
 "wasm-bindgen-shared 0.2.8 (git+https://github.com/rustwasm/wasm-bindgen?rev=06664b34ce1011be58949fef0e1ed2186d84d35b)",
]

[[package]]
name = "wasm-bindgen-macro"
version = "0.2.8"
source = "git+https://github.com/rustwasm/wasm-bindgen?rev=06664b34ce1011be58949fef0e1ed2186d84d35b#06664b34ce1011be58949fef0e1ed2186d84d35b"
dependencies = [
 "proc-macro2 0.3.8 (registry+https://github.com/rust-lang/crates.io-index)",
 "quote 0.5.2 (registry+https://github.com/rust-lang/crates.io-index)",
 "serde_json 1.0.17 (registry+https://github.com/rust-lang/crates.io-index)",
 "syn 0.13.7 (registry+https://github.com/rust-lang/crates.io-index)",
 "wasm-bindgen-backend 0.2.8 (git+https://github.com/rustwasm/wasm-bindgen?rev=06664b34ce1011be58949fef0e1ed2186d84d35b)",
 "wasm-bindgen-shared 0.2.8 (git+https://github.com/rustwasm/wasm-bindgen?rev=06664b34ce1011be58949fef0e1ed2186d84d35b)",
]

[[package]]
name = "wasm-bindgen-shared"
version = "0.2.8"
source = "git+https://github.com/rustwasm/wasm-bindgen?rev=06664b34ce1011be58949fef0e1ed2186d84d35b#06664b34ce1011be58949fef0e1ed2186d84d35b"
dependencies = [
 "serde 1.0.52 (registry+https://github.com/rust-lang/crates.io-index)",
 "serde_derive 1.0.52 (registry+https://github.com/rust-lang/crates.io-index)",
]

[[package]]
name = "wasm-xss-game"
version = "0.1.0"
dependencies = [
 "base64 0.9.1 (registry+https://github.com/rust-lang/crates.io-index)",
 "wasm-bindgen 0.2.8 (git+https://github.com/rustwasm/wasm-bindgen?rev=06664b34ce1011be58949fef0e1ed2186d84d35b)",
 "wee_alloc 0.4.0 (registry+https://github.com/rust-lang/crates.io-index)",
]

[[package]]
name = "wee_alloc"
version = "0.4.0"
source = "registry+https://github.com/rust-lang/crates.io-index"
dependencies = [
 "cfg-if 0.1.3 (registry+https://github.com/rust-lang/crates.io-index)",
 "libc 0.2.40 (registry+https://github.com/rust-lang/crates.io-index)",
 "memory_units 0.4.0 (registry+https://github.com/rust-lang/crates.io-index)",
 "unreachable 1.0.0 (registry+https://github.com/rust-lang/crates.io-index)",
 "winapi 0.3.4 (registry+https://github.com/rust-lang/crates.io-index)",
]

[[package]]
name = "winapi"
version = "0.3.4"
source = "registry+https://github.com/rust-lang/crates.io-index"
dependencies = [
 "winapi-i686-pc-windows-gnu 0.4.0 (registry+https://github.com/rust-lang/crates.io-index)",
 "winapi-x86_64-pc-windows-gnu 0.4.0 (registry+https://github.com/rust-lang/crates.io-index)",
]

[[package]]
name = "winapi-i686-pc-windows-gnu"
version = "0.4.0"
source = "registry+https://github.com/rust-lang/crates.io-index"

[[package]]
name = "winapi-x86_64-pc-windows-gnu"
version = "0.4.0"
source = "registry+https://github.com/rust-lang/crates.io-index"

[metadata]
"checksum base64 0.9.1 (registry+https://github.com/rust-lang/crates.io-index)" = "9263aa6a38da271eec5c91a83ce1e800f093c8535788d403d626d8d5c3f8f007"
"checksum byteorder 1.2.2 (registry+https://github.com/rust-lang/crates.io-index)" = "73b5bdfe7ee3ad0b99c9801d58807a9dbc9e09196365b0203853b99889ab3c87"
"checksum cfg-if 0.1.3 (registry+https://github.com/rust-lang/crates.io-index)" = "405216fd8fe65f718daa7102ea808a946b6ce40c742998fbfd3463645552de18"
"checksum dtoa 0.4.2 (registry+https://github.com/rust-lang/crates.io-index)" = "09c3753c3db574d215cba4ea76018483895d7bff25a31b49ba45db21c48e50ab"
"checksum itoa 0.4.1 (registry+https://github.com/rust-lang/crates.io-index)" = "c069bbec61e1ca5a596166e55dfe4773ff745c3d16b700013bcaff9a6df2c682"
"checksum libc 0.2.40 (registry+https://github.com/rust-lang/crates.io-index)" = "6fd41f331ac7c5b8ac259b8bf82c75c0fb2e469bbf37d2becbba9a6a2221965b"
"checksum memory_units 0.4.0 (registry+https://github.com/rust-lang/crates.io-index)" = "8452105ba047068f40ff7093dd1d9da90898e63dd61736462e9cdda6a90ad3c3"
"checksum proc-macro2 0.3.8 (registry+https://github.com/rust-lang/crates.io-index)" = "1b06e2f335f48d24442b35a19df506a835fb3547bc3c06ef27340da9acf5cae7"
"checksum quote 0.5.2 (registry+https://github.com/rust-lang/crates.io-index)" = "9949cfe66888ffe1d53e6ec9d9f3b70714083854be20fd5e271b232a017401e8"
"checksum safemem 0.2.0 (registry+https://github.com/rust-lang/crates.io-index)" = "e27a8b19b835f7aea908818e871f5cc3a5a186550c30773be987e155e8163d8f"
"checksum serde 1.0.52 (registry+https://github.com/rust-lang/crates.io-index)" = "1921d0c6997bf121f5a85e3fed9ffd2cdfa87254f84e92f9b72e4cd84fbcf79f"
"checksum serde_derive 1.0.52 (registry+https://github.com/rust-lang/crates.io-index)" = "3e45b261b57a9da43b0a9a41bb99b73d22ff1dd98b289de1381241e8542bd1d4"
"checksum serde_json 1.0.17 (registry+https://github.com/rust-lang/crates.io-index)" = "f3ad6d546e765177cf3dded3c2e424a8040f870083a0e64064746b958ece9cb1"
"checksum syn 0.13.7 (registry+https://github.com/rust-lang/crates.io-index)" = "61b8f1b737f929c6516ba46a3133fd6d5215ad8a62f66760f851f7048aebedfb"
"checksum unicode-xid 0.1.0 (registry+https://github.com/rust-lang/crates.io-index)" = "fc72304796d0818e357ead4e000d19c9c174ab23dc11093ac919054d20a6a7fc"
"checksum unreachable 1.0.0 (registry+https://github.com/rust-lang/crates.io-index)" = "382810877fe448991dfc7f0dd6e3ae5d58088fd0ea5e35189655f84e6814fa56"
"checksum void 1.0.2 (registry+https://github.com/rust-lang/crates.io-index)" = "6a02e4885ed3bc0f2de90ea6dd45ebcbb66dacffe03547fadbb0eeae2770887d"
"checksum wasm-bindgen 0.2.8 (git+https://github.com/rustwasm/wasm-bindgen?rev=06664b34ce1011be58949fef0e1ed2186d84d35b)" = "<none>"
"checksum wasm-bindgen-backend 0.2.8 (git+https://github.com/rustwasm/wasm-bindgen?rev=06664b34ce1011be58949fef0e1ed2186d84d35b)" = "<none>"
"checksum wasm-bindgen-macro 0.2.8 (git+https://github.com/rustwasm/wasm-bindgen?rev=06664b34ce1011be58949fef0e1ed2186d84d35b)" = "<none>"
"checksum wasm-bindgen-shared 0.2.8 (git+https://github.com/rustwasm/wasm-bindgen?rev=06664b34ce1011be58949fef0e1ed2186d84d35b)" = "<none>"
"checksum wee_alloc 0.4.0 (registry+https://github.com/rust-lang/crates.io-index)" = "dbcd062fbcffa61a4ff80da1acc790e45450f73636e31db6c5f133df34ef218b"
"checksum winapi 0.3.4 (registry+https://github.com/rust-lang/crates.io-index)" = "04e3bd221fcbe8a271359c04f21a76db7d0c6028862d1bb5512d85e1e2eb5bb3"
"checksum winapi-i686-pc-windows-gnu 0.4.0 (registry+https://github.com/rust-lang/crates.io-index)" = "ac3b87c63620426dd9b991e5ce0329eff545bccbbb34f3be09ff6fb6ab51b7b6"
"checksum winapi-x86_64-pc-windows-gnu 0.4.0 (registry+https://github.com/rust-lang/crates.io-index)" = "712e227841d057c1ee1cd2fb22fa7e5a5461ae8e48fa2ca79ec42cfc1931183f"
